
Microsoft Visual Studio Solution File, Format Version 12.00
# Visual Studio Version 17
VisualStudioVersion = 17.5.33530.505
MinimumVisualStudioVersion = 10.0.40219.1
Project("{FAE04EC0-301F-11D3-BF4B-00C04F79EFBC}") = "E-LibraryManagement", "E-LibraryManagement\E-LibraryManagement.csproj", "{39AE46F5-1DF1-4220-8E56-77949F3696CF}"
EndProject
Global
	GlobalSection(SolutionConfigurationPlatforms) = preSolution
		Debug|Any CPU = Debug|Any CPU
		Release|Any CPU = Release|Any CPU
	EndGlobalSection
	GlobalSection(ProjectConfigurationPlatforms) = postSolution
		{39AE46F5-1DF1-4220-8E56-77949F3696CF}.Debug|Any CPU.ActiveCfg = Debug|Any CPU
		{39AE46F5-1DF1-4220-8E56-77949F3696CF}.Debug|Any CPU.Build.0 = Debug|Any CPU
		{39AE46F5-1DF1-4220-8E56-77949F3696CF}.Release|Any CPU.ActiveCfg = Release|Any CPU
		{39AE46F5-1DF1-4220-8E56-77949F3696CF}.Release|Any CPU.Build.0 = Release|Any CPU
	EndGlobalSection
	GlobalSection(SolutionProperties) = preSolution
		HideSolutionNode = FALSE
	EndGlobalSection
	GlobalSection(ExtensibilityGlobals) = postSolution
		SolutionGuid = {AA4133D2-B890-4072-B4F1-60216AB006D5}
	EndGlobalSection
EndGlobal
